
Microsoft Visual Studio Solution File, Format Version 12.00
# Visual Studio 15
VisualStudioVersion = 15.0.27004.2002
MinimumVisualStudioVersion = 10.0.40219.1
Project("{8BC9CEB8-8B4A-11D0-8D11-00A0C91BC942}") = "Kernel", "Kernel\Kernel.vcxproj", "{670D753F-8824-43AC-95EC-130845F75F0A}"
EndProject
Project("{8BC9CEB8-8B4A-11D0-8D11-00A0C91BC942}") = "GL", "GL\GL.vcxproj", "{4E773009-CB83-4B52-AFC6-DF744C94C9AF}"
EndProject
Project("{8BC9CEB8-8B4A-11D0-8D11-00A0C91BC942}") = "GameEngine", "GameEngine\GameEngine.vcxproj", "{9CF87B8E-7795-4A9B-BECA-3A4A62A3109A}"
EndProject
Project("{8BC9CEB8-8B4A-11D0-8D11-00A0C91BC942}") = "3DGame", "3DGame\3DGame.vcxproj", "{A1C979E5-6F07-472D-98AB-4D2B72C9CA53}"
	ProjectSection(ProjectDependencies) = postProject
		{4E773009-CB83-4B52-AFC6-DF744C94C9AF} = {4E773009-CB83-4B52-AFC6-DF744C94C9AF}
	EndProjectSection
EndProject
Project("{2150E333-8FDC-42A3-9474-1A3956D46DE8}") = "Programs", "Programs", "{FBDAD2F4-F728-4AC9-B45F-EFF2E2271A98}"
EndProject
Project("{8BC9CEB8-8B4A-11D0-8D11-00A0C91BC942}") = "Test", "Test\Test.vcxproj", "{F2550FC5-28B1-46AB-8D83-683CE8EE2E55}"
EndProject
Project("{8BC9CEB8-8B4A-11D0-8D11-00A0C91BC942}") = "Lib", "Lib\Lib.vcxproj", "{58D2C711-542B-4976-846E-A291C1172646}"
EndProject
Project("{8BC9CEB8-8B4A-11D0-8D11-00A0C91BC942}") = "AndyOS", "AndyOS\AndyOS.vcxproj", "{205AA498-9EF3-4891-A64E-95CD8EA3BE68}"
EndProject
Project("{8BC9CEB8-8B4A-11D0-8D11-00A0C91BC942}") = "WindowManager", "WindowManager\WindowManager.vcxproj", "{274AB2EB-AD47-4F04-B9E1-CA6C3A6DF996}"
EndProject
Global
	GlobalSection(SolutionConfigurationPlatforms) = preSolution
		Debug|Any CPU = Debug|Any CPU
		Debug|x64 = Debug|x64
		Debug|x86 = Debug|x86
		Release|Any CPU = Release|Any CPU
		Release|x64 = Release|x64
		Release|x86 = Release|x86
	EndGlobalSection
	GlobalSection(ProjectConfigurationPlatforms) = postSolution
		{670D753F-8824-43AC-95EC-130845F75F0A}.Debug|Any CPU.ActiveCfg = Debug|Win32
		{670D753F-8824-43AC-95EC-130845F75F0A}.Debug|Any CPU.Build.0 = Debug|Win32
		{670D753F-8824-43AC-95EC-130845F75F0A}.Debug|x64.ActiveCfg = Debug|x64
		{670D753F-8824-43AC-95EC-130845F75F0A}.Debug|x64.Build.0 = Debug|x64
		{670D753F-8824-43AC-95EC-130845F75F0A}.Debug|x86.ActiveCfg = Debug|Win32
		{670D753F-8824-43AC-95EC-130845F75F0A}.Debug|x86.Build.0 = Debug|Win32
		{670D753F-8824-43AC-95EC-130845F75F0A}.Release|Any CPU.ActiveCfg = Release|Win32
		{670D753F-8824-43AC-95EC-130845F75F0A}.Release|x64.ActiveCfg = Release|x64
		{670D753F-8824-43AC-95EC-130845F75F0A}.Release|x64.Build.0 = Release|x64
		{670D753F-8824-43AC-95EC-130845F75F0A}.Release|x86.ActiveCfg = Release|Win32
		{670D753F-8824-43AC-95EC-130845F75F0A}.Release|x86.Build.0 = Release|Win32
		{4E773009-CB83-4B52-AFC6-DF744C94C9AF}.Debug|Any CPU.ActiveCfg = Debug|Win32
		{4E773009-CB83-4B52-AFC6-DF744C94C9AF}.Debug|Any CPU.Build.0 = Debug|Win32
		{4E773009-CB83-4B52-AFC6-DF744C94C9AF}.Debug|x64.ActiveCfg = Debug|x64
		{4E773009-CB83-4B52-AFC6-DF744C94C9AF}.Debug|x64.Build.0 = Debug|x64
		{4E773009-CB83-4B52-AFC6-DF744C94C9AF}.Debug|x86.ActiveCfg = Debug|Win32
		{4E773009-CB83-4B52-AFC6-DF744C94C9AF}.Debug|x86.Build.0 = Debug|Win32
		{4E773009-CB83-4B52-AFC6-DF744C94C9AF}.Release|Any CPU.ActiveCfg = Release|Win32
		{4E773009-CB83-4B52-AFC6-DF744C94C9AF}.Release|x64.ActiveCfg = Release|x64
		{4E773009-CB83-4B52-AFC6-DF744C94C9AF}.Release|x64.Build.0 = Release|x64
		{4E773009-CB83-4B52-AFC6-DF744C94C9AF}.Release|x86.ActiveCfg = Release|Win32
		{4E773009-CB83-4B52-AFC6-DF744C94C9AF}.Release|x86.Build.0 = Release|Win32
		{9CF87B8E-7795-4A9B-BECA-3A4A62A3109A}.Debug|Any CPU.ActiveCfg = Debug|Win32
		{9CF87B8E-7795-4A9B-BECA-3A4A62A3109A}.Debug|Any CPU.Build.0 = Debug|Win32
		{9CF87B8E-7795-4A9B-BECA-3A4A62A3109A}.Debug|x64.ActiveCfg = Debug|x64
		{9CF87B8E-7795-4A9B-BECA-3A4A62A3109A}.Debug|x64.Build.0 = Debug|x64
		{9CF87B8E-7795-4A9B-BECA-3A4A62A3109A}.Debug|x86.ActiveCfg = Debug|Win32
		{9CF87B8E-7795-4A9B-BECA-3A4A62A3109A}.Debug|x86.Build.0 = Debug|Win32
		{9CF87B8E-7795-4A9B-BECA-3A4A62A3109A}.Release|Any CPU.ActiveCfg = Release|Win32
		{9CF87B8E-7795-4A9B-BECA-3A4A62A3109A}.Release|x64.ActiveCfg = Release|x64
		{9CF87B8E-7795-4A9B-BECA-3A4A62A3109A}.Release|x64.Build.0 = Release|x64
		{9CF87B8E-7795-4A9B-BECA-3A4A62A3109A}.Release|x86.ActiveCfg = Release|Win32
		{9CF87B8E-7795-4A9B-BECA-3A4A62A3109A}.Release|x86.Build.0 = Release|Win32
		{A1C979E5-6F07-472D-98AB-4D2B72C9CA53}.Debug|Any CPU.ActiveCfg = Debug|Win32
		{A1C979E5-6F07-472D-98AB-4D2B72C9CA53}.Debug|Any CPU.Build.0 = Debug|Win32
		{A1C979E5-6F07-472D-98AB-4D2B72C9CA53}.Debug|x64.ActiveCfg = Debug|x64
		{A1C979E5-6F07-472D-98AB-4D2B72C9CA53}.Debug|x64.Build.0 = Debug|x64
		{A1C979E5-6F07-472D-98AB-4D2B72C9CA53}.Debug|x86.ActiveCfg = Debug|Win32
		{A1C979E5-6F07-472D-98AB-4D2B72C9CA53}.Debug|x86.Build.0 = Debug|Win32
		{A1C979E5-6F07-472D-98AB-4D2B72C9CA53}.Release|Any CPU.ActiveCfg = Release|Win32
		{A1C979E5-6F07-472D-98AB-4D2B72C9CA53}.Release|x64.ActiveCfg = Release|x64
		{A1C979E5-6F07-472D-98AB-4D2B72C9CA53}.Release|x64.Build.0 = Release|x64
		{A1C979E5-6F07-472D-98AB-4D2B72C9CA53}.Release|x86.ActiveCfg = Release|Win32
		{A1C979E5-6F07-472D-98AB-4D2B72C9CA53}.Release|x86.Build.0 = Release|Win32
		{F2550FC5-28B1-46AB-8D83-683CE8EE2E55}.Debug|Any CPU.ActiveCfg = Debug|Win32
		{F2550FC5-28B1-46AB-8D83-683CE8EE2E55}.Debug|Any CPU.Build.0 = Debug|Win32
		{F2550FC5-28B1-46AB-8D83-683CE8EE2E55}.Debug|x64.ActiveCfg = Debug|x64
		{F2550FC5-28B1-46AB-8D83-683CE8EE2E55}.Debug|x64.Build.0 = Debug|x64
		{F2550FC5-28B1-46AB-8D83-683CE8EE2E55}.Debug|x86.ActiveCfg = Debug|Win32
		{F2550FC5-28B1-46AB-8D83-683CE8EE2E55}.Debug|x86.Build.0 = Debug|Win32
		{F2550FC5-28B1-46AB-8D83-683CE8EE2E55}.Release|Any CPU.ActiveCfg = Release|Win32
		{F2550FC5-28B1-46AB-8D83-683CE8EE2E55}.Release|x64.ActiveCfg = Release|x64
		{F2550FC5-28B1-46AB-8D83-683CE8EE2E55}.Release|x64.Build.0 = Release|x64
		{F2550FC5-28B1-46AB-8D83-683CE8EE2E55}.Release|x86.ActiveCfg = Release|Win32
		{F2550FC5-28B1-46AB-8D83-683CE8EE2E55}.Release|x86.Build.0 = Release|Win32
		{58D2C711-542B-4976-846E-A291C1172646}.Debug|Any CPU.ActiveCfg = Debug|Win32
		{58D2C711-542B-4976-846E-A291C1172646}.Debug|Any CPU.Build.0 = Debug|Win32
		{58D2C711-542B-4976-846E-A291C1172646}.Debug|x64.ActiveCfg = Debug|x64
		{58D2C711-542B-4976-846E-A291C1172646}.Debug|x64.Build.0 = Debug|x64
		{58D2C711-542B-4976-846E-A291C1172646}.Debug|x86.ActiveCfg = Debug|Win32
		{58D2C711-542B-4976-846E-A291C1172646}.Debug|x86.Build.0 = Debug|Win32
		{58D2C711-542B-4976-846E-A291C1172646}.Release|Any CPU.ActiveCfg = Release|Win32
		{58D2C711-542B-4976-846E-A291C1172646}.Release|x64.ActiveCfg = Release|x64
		{58D2C711-542B-4976-846E-A291C1172646}.Release|x64.Build.0 = Release|x64
		{58D2C711-542B-4976-846E-A291C1172646}.Release|x86.ActiveCfg = Release|Win32
		{58D2C711-542B-4976-846E-A291C1172646}.Release|x86.Build.0 = Release|Win32
		{205AA498-9EF3-4891-A64E-95CD8EA3BE68}.Debug|Any CPU.ActiveCfg = Debug|Win32
		{205AA498-9EF3-4891-A64E-95CD8EA3BE68}.Debug|Any CPU.Build.0 = Debug|Win32
		{205AA498-9EF3-4891-A64E-95CD8EA3BE68}.Debug|x64.ActiveCfg = Debug|x64
		{205AA498-9EF3-4891-A64E-95CD8EA3BE68}.Debug|x64.Build.0 = Debug|x64
		{205AA498-9EF3-4891-A64E-95CD8EA3BE68}.Debug|x86.ActiveCfg = Debug|Win32
		{205AA498-9EF3-4891-A64E-95CD8EA3BE68}.Debug|x86.Build.0 = Debug|Win32
		{205AA498-9EF3-4891-A64E-95CD8EA3BE68}.Release|Any CPU.ActiveCfg = Release|Win32
		{205AA498-9EF3-4891-A64E-95CD8EA3BE68}.Release|x64.ActiveCfg = Release|x64
		{205AA498-9EF3-4891-A64E-95CD8EA3BE68}.Release|x64.Build.0 = Release|x64
		{205AA498-9EF3-4891-A64E-95CD8EA3BE68}.Release|x86.ActiveCfg = Release|Win32
		{205AA498-9EF3-4891-A64E-95CD8EA3BE68}.Release|x86.Build.0 = Release|Win32
		{274AB2EB-AD47-4F04-B9E1-CA6C3A6DF996}.Debug|Any CPU.ActiveCfg = Debug|Win32
		{274AB2EB-AD47-4F04-B9E1-CA6C3A6DF996}.Debug|Any CPU.Build.0 = Debug|Win32
		{274AB2EB-AD47-4F04-B9E1-CA6C3A6DF996}.Debug|x64.ActiveCfg = Debug|x64
		{274AB2EB-AD47-4F04-B9E1-CA6C3A6DF996}.Debug|x64.Build.0 = Debug|x64
		{274AB2EB-AD47-4F04-B9E1-CA6C3A6DF996}.Debug|x86.ActiveCfg = Debug|Win32
		{274AB2EB-AD47-4F04-B9E1-CA6C3A6DF996}.Debug|x86.Build.0 = Debug|Win32
		{274AB2EB-AD47-4F04-B9E1-CA6C3A6DF996}.Release|Any CPU.ActiveCfg = Release|Win32
		{274AB2EB-AD47-4F04-B9E1-CA6C3A6DF996}.Release|x64.ActiveCfg = Release|x64
		{274AB2EB-AD47-4F04-B9E1-CA6C3A6DF996}.Release|x64.Build.0 = Release|x64
		{274AB2EB-AD47-4F04-B9E1-CA6C3A6DF996}.Release|x86.ActiveCfg = Release|Win32
		{274AB2EB-AD47-4F04-B9E1-CA6C3A6DF996}.Release|x86.Build.0 = Release|Win32
	EndGlobalSection
	GlobalSection(SolutionProperties) = preSolution
		HideSolutionNode = FALSE
	EndGlobalSection
	GlobalSection(NestedProjects) = preSolution
		{4E773009-CB83-4B52-AFC6-DF744C94C9AF} = {FBDAD2F4-F728-4AC9-B45F-EFF2E2271A98}
		{9CF87B8E-7795-4A9B-BECA-3A4A62A3109A} = {FBDAD2F4-F728-4AC9-B45F-EFF2E2271A98}
		{A1C979E5-6F07-472D-98AB-4D2B72C9CA53} = {FBDAD2F4-F728-4AC9-B45F-EFF2E2271A98}
		{F2550FC5-28B1-46AB-8D83-683CE8EE2E55} = {FBDAD2F4-F728-4AC9-B45F-EFF2E2271A98}
		{274AB2EB-AD47-4F04-B9E1-CA6C3A6DF996} = {FBDAD2F4-F728-4AC9-B45F-EFF2E2271A98}
	EndGlobalSection
	GlobalSection(ExtensibilityGlobals) = postSolution
		SolutionGuid = {F0E2C313-7ADB-4437-9593-A30C15F19353}
	EndGlobalSection
	GlobalSection(CodealikeProperties) = postSolution
		SolutionGuid = 61870d99-a137-48c0-9822-acbe669e74f4
	EndGlobalSection
EndGlobal
