<?xml version="1.0" encoding="utf-8"?>
<Project ToolsVersion="4.0" xmlns="http://schemas.microsoft.com/developer/msbuild/2003">
  <ItemGroup>
    <ClInclude Include="Include\AndyOS.h">
      <Filter>Include</Filter>
    </ClInclude>
    <ClInclude Include="API\api.h">
      <Filter>API</Filter>
    </ClInclude>
    <ClInclude Include="Memory\globals.h">
      <Filter>Memory</Filter>
    </ClInclude>
    <ClInclude Include="Memory\memory.h">
      <Filter>Memory</Filter>
    </ClInclude>
    <ClInclude Include="List\queue.h">
      <Filter>List</Filter>
    </ClInclude>
  </ItemGroup>
  <ItemGroup>
    <Filter Include="Include">
      <UniqueIdentifier>{272eaf35-57a0-4ba3-8e01-9d2b85822adc}</UniqueIdentifier>
    </Filter>
    <Filter Include="API">
      <UniqueIdentifier>{161406a1-b1bb-49aa-abf9-073670943ed5}</UniqueIdentifier>
    </Filter>
    <Filter Include="Memory">
      <UniqueIdentifier>{115c0b60-5f2a-4247-990b-6ada7ce2308e}</UniqueIdentifier>
    </Filter>
    <Filter Include="List">
      <UniqueIdentifier>{bba9c77d-4e91-485c-8ae1-786c2bc9fb0c}</UniqueIdentifier>
    </Filter>
  </ItemGroup>
  <ItemGroup>
    <ClCompile Include="API\api.cpp">
      <Filter>API</Filter>
    </ClCompile>
    <ClCompile Include="Memory\globals.cpp">
      <Filter>Memory</Filter>
    </ClCompile>
  </ItemGroup>
</Project>